
Microsoft Visual Studio Solution File, Format Version 12.00
# Visual Studio Version 17
VisualStudioVersion = 17.4.33205.214
MinimumVisualStudioVersion = 10.0.40219.1
Project("{2150E333-8FDC-42A3-9474-1A3956D46DE8}") = "Code", "Code", "{FEF3A269-1AD5-4BC8-BF57-94213689F668}"
EndProject
Project("{2150E333-8FDC-42A3-9474-1A3956D46DE8}") = "Samples", "Samples", "{3515D005-B190-45AD-91FF-742F5CE1EC82}"
EndProject
Project("{2150E333-8FDC-42A3-9474-1A3956D46DE8}") = "Tools", "Tools", "{05423D57-B211-4110-8BED-FFD0CF21C94A}"
EndProject
Project("{8BC9CEB8-8B4A-11D0-8D11-00A0C91BC942}") = "skiesSample", "samples\skiesSample\prog\skiesSample.vcxproj", "{9A8E7914-B5F0-4E32-9F9C-E7D1B9F5040F}"
EndProject
Project("{8BC9CEB8-8B4A-11D0-8D11-00A0C91BC942}") = "testGI", "samples\testGI\prog\testGI.vcxproj", "{85EAEB4C-3C9B-4058-B97F-3A92B4A2EF75}"
EndProject
Project("{8BC9CEB8-8B4A-11D0-8D11-00A0C91BC942}") = "prog", "prog\prog.vcxproj", "{89D18E89-8553-4D5B-842E-EE8D4F78043F}"
	ProjectSection(ProjectDependencies) = postProject
		{9A8E7914-B5F0-4E32-9F9C-E7D1B9F5040F} = {9A8E7914-B5F0-4E32-9F9C-E7D1B9F5040F}
	EndProjectSection
EndProject
Project("{8BC9CEB8-8B4A-11D0-8D11-00A0C91BC942}") = "natvis", "prog\_jBuild\msbuild\natvis.vcxproj", "{4EE8CF3A-7339-4469-A8B9-E62584192C8E}"
EndProject
Project("{8BC9CEB8-8B4A-11D0-8D11-00A0C91BC942}") = "daEditorX", "prog\tools\sceneTools\daEditorX\daEditorX.vcxproj", "{7BC493F8-4902-4660-85D3-5181AB0E4EE3}"
EndProject
Global
	GlobalSection(SolutionConfigurationPlatforms) = preSolution
		dbg|_default = dbg|_default
		dbg|Android = dbg|Android
		dbg|linux64 = dbg|linux64
		dbg|win32 = dbg|win32
		dbg|win64 = dbg|win64
		dbg|x64 = dbg|x64
		Debug|_default = Debug|_default
		Debug|Android = Debug|Android
		Debug|linux64 = Debug|linux64
		Debug|win32 = Debug|win32
		Debug|win64 = Debug|win64
		Debug|x64 = Debug|x64
		dev|_default = dev|_default
		dev|Android = dev|Android
		dev|linux64 = dev|linux64
		dev|win32 = dev|win32
		dev|win64 = dev|win64
		dev|x64 = dev|x64
		rel|_default = rel|_default
		rel|Android = rel|Android
		rel|linux64 = rel|linux64
		rel|win32 = rel|win32
		rel|win64 = rel|win64
		rel|x64 = rel|x64
		Release|_default = Release|_default
		Release|Android = Release|Android
		Release|linux64 = Release|linux64
		Release|win32 = Release|win32
		Release|win64 = Release|win64
		Release|x64 = Release|x64
	EndGlobalSection
	GlobalSection(ProjectConfigurationPlatforms) = postSolution
		{9A8E7914-B5F0-4E32-9F9C-E7D1B9F5040F}.dbg|_default.ActiveCfg = dbg_win64|x64
		{9A8E7914-B5F0-4E32-9F9C-E7D1B9F5040F}.dbg|Android.ActiveCfg = dbg_android|ARM64
		{9A8E7914-B5F0-4E32-9F9C-E7D1B9F5040F}.dbg|linux64.ActiveCfg = dbg_linux64|x64
		{9A8E7914-B5F0-4E32-9F9C-E7D1B9F5040F}.dbg|win32.ActiveCfg = dbg_win32|Win32
		{9A8E7914-B5F0-4E32-9F9C-E7D1B9F5040F}.dbg|win32.Build.0 = dbg_win32|Win32
		{9A8E7914-B5F0-4E32-9F9C-E7D1B9F5040F}.dbg|win64.ActiveCfg = dbg_win64|x64
		{9A8E7914-B5F0-4E32-9F9C-E7D1B9F5040F}.dbg|win64.Build.0 = dbg_win64|x64
		{9A8E7914-B5F0-4E32-9F9C-E7D1B9F5040F}.dbg|x64.ActiveCfg = dev_linux64|x64
		{9A8E7914-B5F0-4E32-9F9C-E7D1B9F5040F}.dbg|x64.Build.0 = dev_linux64|x64
		{9A8E7914-B5F0-4E32-9F9C-E7D1B9F5040F}.Debug|_default.ActiveCfg = dev_linux64|x64
		{9A8E7914-B5F0-4E32-9F9C-E7D1B9F5040F}.Debug|_default.Build.0 = dev_linux64|x64
		{9A8E7914-B5F0-4E32-9F9C-E7D1B9F5040F}.Debug|Android.ActiveCfg = dev_linux64|x64
		{9A8E7914-B5F0-4E32-9F9C-E7D1B9F5040F}.Debug|Android.Build.0 = dev_linux64|x64
		{9A8E7914-B5F0-4E32-9F9C-E7D1B9F5040F}.Debug|linux64.ActiveCfg = dev_linux64|x64
		{9A8E7914-B5F0-4E32-9F9C-E7D1B9F5040F}.Debug|linux64.Build.0 = dev_linux64|x64
		{9A8E7914-B5F0-4E32-9F9C-E7D1B9F5040F}.Debug|win32.ActiveCfg = dev_win32|Win32
		{9A8E7914-B5F0-4E32-9F9C-E7D1B9F5040F}.Debug|win32.Build.0 = dev_win32|Win32
		{9A8E7914-B5F0-4E32-9F9C-E7D1B9F5040F}.Debug|win64.ActiveCfg = dev_linux64|x64
		{9A8E7914-B5F0-4E32-9F9C-E7D1B9F5040F}.Debug|win64.Build.0 = dev_linux64|x64
		{9A8E7914-B5F0-4E32-9F9C-E7D1B9F5040F}.Debug|x64.ActiveCfg = dev_linux64|x64
		{9A8E7914-B5F0-4E32-9F9C-E7D1B9F5040F}.Debug|x64.Build.0 = dev_linux64|x64
		{9A8E7914-B5F0-4E32-9F9C-E7D1B9F5040F}.dev|_default.ActiveCfg = dev_win64|x64
		{9A8E7914-B5F0-4E32-9F9C-E7D1B9F5040F}.dev|Android.ActiveCfg = dev_android|ARM64
		{9A8E7914-B5F0-4E32-9F9C-E7D1B9F5040F}.dev|linux64.ActiveCfg = dev_linux64|x64
		{9A8E7914-B5F0-4E32-9F9C-E7D1B9F5040F}.dev|win32.ActiveCfg = dev_win32|Win32
		{9A8E7914-B5F0-4E32-9F9C-E7D1B9F5040F}.dev|win32.Build.0 = dev_win32|Win32
		{9A8E7914-B5F0-4E32-9F9C-E7D1B9F5040F}.dev|win64.ActiveCfg = dev_win64|x64
		{9A8E7914-B5F0-4E32-9F9C-E7D1B9F5040F}.dev|win64.Build.0 = dev_win64|x64
		{9A8E7914-B5F0-4E32-9F9C-E7D1B9F5040F}.dev|x64.ActiveCfg = dev_linux64|x64
		{9A8E7914-B5F0-4E32-9F9C-E7D1B9F5040F}.dev|x64.Build.0 = dev_linux64|x64
		{9A8E7914-B5F0-4E32-9F9C-E7D1B9F5040F}.rel|_default.ActiveCfg = rel_win64|x64
		{9A8E7914-B5F0-4E32-9F9C-E7D1B9F5040F}.rel|Android.ActiveCfg = rel_android|ARM64
		{9A8E7914-B5F0-4E32-9F9C-E7D1B9F5040F}.rel|linux64.ActiveCfg = rel_linux64|x64
		{9A8E7914-B5F0-4E32-9F9C-E7D1B9F5040F}.rel|win32.ActiveCfg = rel_win32|Win32
		{9A8E7914-B5F0-4E32-9F9C-E7D1B9F5040F}.rel|win32.Build.0 = rel_win32|Win32
		{9A8E7914-B5F0-4E32-9F9C-E7D1B9F5040F}.rel|win64.ActiveCfg = rel_win64|x64
		{9A8E7914-B5F0-4E32-9F9C-E7D1B9F5040F}.rel|win64.Build.0 = rel_win64|x64
		{9A8E7914-B5F0-4E32-9F9C-E7D1B9F5040F}.rel|x64.ActiveCfg = rel_linux64|x64
		{9A8E7914-B5F0-4E32-9F9C-E7D1B9F5040F}.rel|x64.Build.0 = rel_linux64|x64
		{9A8E7914-B5F0-4E32-9F9C-E7D1B9F5040F}.Release|_default.ActiveCfg = rel_linux64|x64
		{9A8E7914-B5F0-4E32-9F9C-E7D1B9F5040F}.Release|_default.Build.0 = rel_linux64|x64
		{9A8E7914-B5F0-4E32-9F9C-E7D1B9F5040F}.Release|Android.ActiveCfg = rel_linux64|x64
		{9A8E7914-B5F0-4E32-9F9C-E7D1B9F5040F}.Release|Android.Build.0 = rel_linux64|x64
		{9A8E7914-B5F0-4E32-9F9C-E7D1B9F5040F}.Release|linux64.ActiveCfg = rel_linux64|x64
		{9A8E7914-B5F0-4E32-9F9C-E7D1B9F5040F}.Release|linux64.Build.0 = rel_linux64|x64
		{9A8E7914-B5F0-4E32-9F9C-E7D1B9F5040F}.Release|win32.ActiveCfg = rel_win32|Win32
		{9A8E7914-B5F0-4E32-9F9C-E7D1B9F5040F}.Release|win32.Build.0 = rel_win32|Win32
		{9A8E7914-B5F0-4E32-9F9C-E7D1B9F5040F}.Release|win64.ActiveCfg = rel_linux64|x64
		{9A8E7914-B5F0-4E32-9F9C-E7D1B9F5040F}.Release|win64.Build.0 = rel_linux64|x64
		{9A8E7914-B5F0-4E32-9F9C-E7D1B9F5040F}.Release|x64.ActiveCfg = rel_linux64|x64
		{9A8E7914-B5F0-4E32-9F9C-E7D1B9F5040F}.Release|x64.Build.0 = rel_linux64|x64
		{85EAEB4C-3C9B-4058-B97F-3A92B4A2EF75}.dbg|_default.ActiveCfg = dbg_win64|x64
		{85EAEB4C-3C9B-4058-B97F-3A92B4A2EF75}.dbg|Android.ActiveCfg = dbg_android|ARM64
		{85EAEB4C-3C9B-4058-B97F-3A92B4A2EF75}.dbg|linux64.ActiveCfg = dbg_linux64|x64
		{85EAEB4C-3C9B-4058-B97F-3A92B4A2EF75}.dbg|win32.ActiveCfg = dbg_win32|Win32
		{85EAEB4C-3C9B-4058-B97F-3A92B4A2EF75}.dbg|win32.Build.0 = dbg_win32|Win32
		{85EAEB4C-3C9B-4058-B97F-3A92B4A2EF75}.dbg|win64.ActiveCfg = dbg_win64|x64
		{85EAEB4C-3C9B-4058-B97F-3A92B4A2EF75}.dbg|win64.Build.0 = dbg_win64|x64
		{85EAEB4C-3C9B-4058-B97F-3A92B4A2EF75}.dbg|x64.ActiveCfg = dev_linux64|x64
		{85EAEB4C-3C9B-4058-B97F-3A92B4A2EF75}.dbg|x64.Build.0 = dev_linux64|x64
		{85EAEB4C-3C9B-4058-B97F-3A92B4A2EF75}.Debug|_default.ActiveCfg = dev_linux64|x64
		{85EAEB4C-3C9B-4058-B97F-3A92B4A2EF75}.Debug|_default.Build.0 = dev_linux64|x64
		{85EAEB4C-3C9B-4058-B97F-3A92B4A2EF75}.Debug|Android.ActiveCfg = dev_linux64|x64
		{85EAEB4C-3C9B-4058-B97F-3A92B4A2EF75}.Debug|Android.Build.0 = dev_linux64|x64
		{85EAEB4C-3C9B-4058-B97F-3A92B4A2EF75}.Debug|linux64.ActiveCfg = dev_linux64|x64
		{85EAEB4C-3C9B-4058-B97F-3A92B4A2EF75}.Debug|linux64.Build.0 = dev_linux64|x64
		{85EAEB4C-3C9B-4058-B97F-3A92B4A2EF75}.Debug|win32.ActiveCfg = dev_win32|Win32
		{85EAEB4C-3C9B-4058-B97F-3A92B4A2EF75}.Debug|win32.Build.0 = dev_win32|Win32
		{85EAEB4C-3C9B-4058-B97F-3A92B4A2EF75}.Debug|win64.ActiveCfg = dev_linux64|x64
		{85EAEB4C-3C9B-4058-B97F-3A92B4A2EF75}.Debug|win64.Build.0 = dev_linux64|x64
		{85EAEB4C-3C9B-4058-B97F-3A92B4A2EF75}.Debug|x64.ActiveCfg = dev_linux64|x64
		{85EAEB4C-3C9B-4058-B97F-3A92B4A2EF75}.Debug|x64.Build.0 = dev_linux64|x64
		{85EAEB4C-3C9B-4058-B97F-3A92B4A2EF75}.dev|_default.ActiveCfg = dev_win64|x64
		{85EAEB4C-3C9B-4058-B97F-3A92B4A2EF75}.dev|Android.ActiveCfg = dev_android|ARM64
		{85EAEB4C-3C9B-4058-B97F-3A92B4A2EF75}.dev|linux64.ActiveCfg = dev_linux64|x64
		{85EAEB4C-3C9B-4058-B97F-3A92B4A2EF75}.dev|win32.ActiveCfg = dev_win32|Win32
		{85EAEB4C-3C9B-4058-B97F-3A92B4A2EF75}.dev|win32.Build.0 = dev_win32|Win32
		{85EAEB4C-3C9B-4058-B97F-3A92B4A2EF75}.dev|win64.ActiveCfg = dev_win64|x64
		{85EAEB4C-3C9B-4058-B97F-3A92B4A2EF75}.dev|win64.Build.0 = dev_win64|x64
		{85EAEB4C-3C9B-4058-B97F-3A92B4A2EF75}.dev|x64.ActiveCfg = dev_linux64|x64
		{85EAEB4C-3C9B-4058-B97F-3A92B4A2EF75}.dev|x64.Build.0 = dev_linux64|x64
		{85EAEB4C-3C9B-4058-B97F-3A92B4A2EF75}.rel|_default.ActiveCfg = rel_win64|x64
		{85EAEB4C-3C9B-4058-B97F-3A92B4A2EF75}.rel|Android.ActiveCfg = rel_android|ARM64
		{85EAEB4C-3C9B-4058-B97F-3A92B4A2EF75}.rel|linux64.ActiveCfg = rel_linux64|x64
		{85EAEB4C-3C9B-4058-B97F-3A92B4A2EF75}.rel|win32.ActiveCfg = rel_win32|Win32
		{85EAEB4C-3C9B-4058-B97F-3A92B4A2EF75}.rel|win32.Build.0 = rel_win32|Win32
		{85EAEB4C-3C9B-4058-B97F-3A92B4A2EF75}.rel|win64.ActiveCfg = rel_win64|x64
		{85EAEB4C-3C9B-4058-B97F-3A92B4A2EF75}.rel|win64.Build.0 = rel_win64|x64
		{85EAEB4C-3C9B-4058-B97F-3A92B4A2EF75}.rel|x64.ActiveCfg = rel_linux64|x64
		{85EAEB4C-3C9B-4058-B97F-3A92B4A2EF75}.rel|x64.Build.0 = rel_linux64|x64
		{85EAEB4C-3C9B-4058-B97F-3A92B4A2EF75}.Release|_default.ActiveCfg = rel_linux64|x64
		{85EAEB4C-3C9B-4058-B97F-3A92B4A2EF75}.Release|_default.Build.0 = rel_linux64|x64
		{85EAEB4C-3C9B-4058-B97F-3A92B4A2EF75}.Release|Android.ActiveCfg = rel_linux64|x64
		{85EAEB4C-3C9B-4058-B97F-3A92B4A2EF75}.Release|Android.Build.0 = rel_linux64|x64
		{85EAEB4C-3C9B-4058-B97F-3A92B4A2EF75}.Release|linux64.ActiveCfg = rel_linux64|x64
		{85EAEB4C-3C9B-4058-B97F-3A92B4A2EF75}.Release|linux64.Build.0 = rel_linux64|x64
		{85EAEB4C-3C9B-4058-B97F-3A92B4A2EF75}.Release|win32.ActiveCfg = rel_win32|Win32
		{85EAEB4C-3C9B-4058-B97F-3A92B4A2EF75}.Release|win32.Build.0 = rel_win32|Win32
		{85EAEB4C-3C9B-4058-B97F-3A92B4A2EF75}.Release|win64.ActiveCfg = rel_linux64|x64
		{85EAEB4C-3C9B-4058-B97F-3A92B4A2EF75}.Release|win64.Build.0 = rel_linux64|x64
		{85EAEB4C-3C9B-4058-B97F-3A92B4A2EF75}.Release|x64.ActiveCfg = rel_linux64|x64
		{85EAEB4C-3C9B-4058-B97F-3A92B4A2EF75}.Release|x64.Build.0 = rel_linux64|x64
		{89D18E89-8553-4D5B-842E-EE8D4F78043F}.dbg|_default.ActiveCfg = dbg_win64|x64
		{89D18E89-8553-4D5B-842E-EE8D4F78043F}.dbg|Android.ActiveCfg = dbg_android|ARM64
		{89D18E89-8553-4D5B-842E-EE8D4F78043F}.dbg|linux64.ActiveCfg = dbg_linux64|x64
		{89D18E89-8553-4D5B-842E-EE8D4F78043F}.dbg|win32.ActiveCfg = dbg_win32|Win32
		{89D18E89-8553-4D5B-842E-EE8D4F78043F}.dbg|win64.ActiveCfg = dbg_win64|x64
		{89D18E89-8553-4D5B-842E-EE8D4F78043F}.dbg|x64.ActiveCfg = dev_linux64|x64
		{89D18E89-8553-4D5B-842E-EE8D4F78043F}.dbg|x64.Build.0 = dev_linux64|x64
		{89D18E89-8553-4D5B-842E-EE8D4F78043F}.Debug|_default.ActiveCfg = dev_linux64|x64
		{89D18E89-8553-4D5B-842E-EE8D4F78043F}.Debug|_default.Build.0 = dev_linux64|x64
		{89D18E89-8553-4D5B-842E-EE8D4F78043F}.Debug|Android.ActiveCfg = dev_linux64|x64
		{89D18E89-8553-4D5B-842E-EE8D4F78043F}.Debug|Android.Build.0 = dev_linux64|x64
		{89D18E89-8553-4D5B-842E-EE8D4F78043F}.Debug|linux64.ActiveCfg = dev_linux64|x64
		{89D18E89-8553-4D5B-842E-EE8D4F78043F}.Debug|linux64.Build.0 = dev_linux64|x64
		{89D18E89-8553-4D5B-842E-EE8D4F78043F}.Debug|win32.ActiveCfg = dev_win32|Win32
		{89D18E89-8553-4D5B-842E-EE8D4F78043F}.Debug|win32.Build.0 = dev_win32|Win32
		{89D18E89-8553-4D5B-842E-EE8D4F78043F}.Debug|win64.ActiveCfg = dev_linux64|x64
		{89D18E89-8553-4D5B-842E-EE8D4F78043F}.Debug|win64.Build.0 = dev_linux64|x64
		{89D18E89-8553-4D5B-842E-EE8D4F78043F}.Debug|x64.ActiveCfg = dev_linux64|x64
		{89D18E89-8553-4D5B-842E-EE8D4F78043F}.Debug|x64.Build.0 = dev_linux64|x64
		{89D18E89-8553-4D5B-842E-EE8D4F78043F}.dev|_default.ActiveCfg = dev_win64|x64
		{89D18E89-8553-4D5B-842E-EE8D4F78043F}.dev|Android.ActiveCfg = dev_android|ARM64
		{89D18E89-8553-4D5B-842E-EE8D4F78043F}.dev|linux64.ActiveCfg = dev_linux64|x64
		{89D18E89-8553-4D5B-842E-EE8D4F78043F}.dev|win32.ActiveCfg = dev_win32|Win32
		{89D18E89-8553-4D5B-842E-EE8D4F78043F}.dev|win64.ActiveCfg = dev_win64|x64
		{89D18E89-8553-4D5B-842E-EE8D4F78043F}.dev|x64.ActiveCfg = dev_linux64|x64
		{89D18E89-8553-4D5B-842E-EE8D4F78043F}.dev|x64.Build.0 = dev_linux64|x64
		{89D18E89-8553-4D5B-842E-EE8D4F78043F}.rel|_default.ActiveCfg = rel_win64|x64
		{89D18E89-8553-4D5B-842E-EE8D4F78043F}.rel|Android.ActiveCfg = rel_android|ARM64
		{89D18E89-8553-4D5B-842E-EE8D4F78043F}.rel|linux64.ActiveCfg = rel_linux64|x64
		{89D18E89-8553-4D5B-842E-EE8D4F78043F}.rel|win32.ActiveCfg = rel_win32|Win32
		{89D18E89-8553-4D5B-842E-EE8D4F78043F}.rel|win64.ActiveCfg = rel_win64|x64
		{89D18E89-8553-4D5B-842E-EE8D4F78043F}.rel|x64.ActiveCfg = rel_linux64|x64
		{89D18E89-8553-4D5B-842E-EE8D4F78043F}.rel|x64.Build.0 = rel_linux64|x64
		{89D18E89-8553-4D5B-842E-EE8D4F78043F}.Release|_default.ActiveCfg = rel_linux64|x64
		{89D18E89-8553-4D5B-842E-EE8D4F78043F}.Release|_default.Build.0 = rel_linux64|x64
		{89D18E89-8553-4D5B-842E-EE8D4F78043F}.Release|Android.ActiveCfg = rel_linux64|x64
		{89D18E89-8553-4D5B-842E-EE8D4F78043F}.Release|Android.Build.0 = rel_linux64|x64
		{89D18E89-8553-4D5B-842E-EE8D4F78043F}.Release|linux64.ActiveCfg = rel_linux64|x64
		{89D18E89-8553-4D5B-842E-EE8D4F78043F}.Release|linux64.Build.0 = rel_linux64|x64
		{89D18E89-8553-4D5B-842E-EE8D4F78043F}.Release|win32.ActiveCfg = rel_win32|Win32
		{89D18E89-8553-4D5B-842E-EE8D4F78043F}.Release|win32.Build.0 = rel_win32|Win32
		{89D18E89-8553-4D5B-842E-EE8D4F78043F}.Release|win64.ActiveCfg = rel_linux64|x64
		{89D18E89-8553-4D5B-842E-EE8D4F78043F}.Release|win64.Build.0 = rel_linux64|x64
		{89D18E89-8553-4D5B-842E-EE8D4F78043F}.Release|x64.ActiveCfg = rel_linux64|x64
		{89D18E89-8553-4D5B-842E-EE8D4F78043F}.Release|x64.Build.0 = rel_linux64|x64
		{4EE8CF3A-7339-4469-A8B9-E62584192C8E}.dbg|_default.ActiveCfg = Any|x64
		{4EE8CF3A-7339-4469-A8B9-E62584192C8E}.dbg|Android.ActiveCfg = Any|x64
		{4EE8CF3A-7339-4469-A8B9-E62584192C8E}.dbg|linux64.ActiveCfg = Any|x64
		{4EE8CF3A-7339-4469-A8B9-E62584192C8E}.dbg|win32.ActiveCfg = Any|x64
		{4EE8CF3A-7339-4469-A8B9-E62584192C8E}.dbg|win64.ActiveCfg = Any|x64
		{4EE8CF3A-7339-4469-A8B9-E62584192C8E}.dbg|x64.ActiveCfg = Any|x64
		{4EE8CF3A-7339-4469-A8B9-E62584192C8E}.dbg|x64.Build.0 = Any|x64
		{4EE8CF3A-7339-4469-A8B9-E62584192C8E}.Debug|_default.ActiveCfg = Any|x64
		{4EE8CF3A-7339-4469-A8B9-E62584192C8E}.Debug|_default.Build.0 = Any|x64
		{4EE8CF3A-7339-4469-A8B9-E62584192C8E}.Debug|Android.ActiveCfg = Any|x64
		{4EE8CF3A-7339-4469-A8B9-E62584192C8E}.Debug|Android.Build.0 = Any|x64
		{4EE8CF3A-7339-4469-A8B9-E62584192C8E}.Debug|linux64.ActiveCfg = Any|x64
		{4EE8CF3A-7339-4469-A8B9-E62584192C8E}.Debug|linux64.Build.0 = Any|x64
		{4EE8CF3A-7339-4469-A8B9-E62584192C8E}.Debug|win32.ActiveCfg = Any|x64
		{4EE8CF3A-7339-4469-A8B9-E62584192C8E}.Debug|win32.Build.0 = Any|x64
		{4EE8CF3A-7339-4469-A8B9-E62584192C8E}.Debug|win64.ActiveCfg = Any|x64
		{4EE8CF3A-7339-4469-A8B9-E62584192C8E}.Debug|win64.Build.0 = Any|x64
		{4EE8CF3A-7339-4469-A8B9-E62584192C8E}.Debug|x64.ActiveCfg = Any|x64
		{4EE8CF3A-7339-4469-A8B9-E62584192C8E}.Debug|x64.Build.0 = Any|x64
		{4EE8CF3A-7339-4469-A8B9-E62584192C8E}.dev|_default.ActiveCfg = Any|x64
		{4EE8CF3A-7339-4469-A8B9-E62584192C8E}.dev|Android.ActiveCfg = Any|x64
		{4EE8CF3A-7339-4469-A8B9-E62584192C8E}.dev|linux64.ActiveCfg = Any|x64
		{4EE8CF3A-7339-4469-A8B9-E62584192C8E}.dev|win32.ActiveCfg = Any|x64
		{4EE8CF3A-7339-4469-A8B9-E62584192C8E}.dev|win64.ActiveCfg = Any|x64
		{4EE8CF3A-7339-4469-A8B9-E62584192C8E}.dev|x64.ActiveCfg = Any|x64
		{4EE8CF3A-7339-4469-A8B9-E62584192C8E}.dev|x64.Build.0 = Any|x64
		{4EE8CF3A-7339-4469-A8B9-E62584192C8E}.rel|_default.ActiveCfg = Any|x64
		{4EE8CF3A-7339-4469-A8B9-E62584192C8E}.rel|Android.ActiveCfg = Any|x64
		{4EE8CF3A-7339-4469-A8B9-E62584192C8E}.rel|linux64.ActiveCfg = Any|x64
		{4EE8CF3A-7339-4469-A8B9-E62584192C8E}.rel|win32.ActiveCfg = Any|x64
		{4EE8CF3A-7339-4469-A8B9-E62584192C8E}.rel|win64.ActiveCfg = Any|x64
		{4EE8CF3A-7339-4469-A8B9-E62584192C8E}.rel|x64.ActiveCfg = Any|x64
		{4EE8CF3A-7339-4469-A8B9-E62584192C8E}.rel|x64.Build.0 = Any|x64
		{4EE8CF3A-7339-4469-A8B9-E62584192C8E}.Release|_default.ActiveCfg = Any|x64
		{4EE8CF3A-7339-4469-A8B9-E62584192C8E}.Release|_default.Build.0 = Any|x64
		{4EE8CF3A-7339-4469-A8B9-E62584192C8E}.Release|Android.ActiveCfg = Any|x64
		{4EE8CF3A-7339-4469-A8B9-E62584192C8E}.Release|Android.Build.0 = Any|x64
		{4EE8CF3A-7339-4469-A8B9-E62584192C8E}.Release|linux64.ActiveCfg = Any|x64
		{4EE8CF3A-7339-4469-A8B9-E62584192C8E}.Release|linux64.Build.0 = Any|x64
		{4EE8CF3A-7339-4469-A8B9-E62584192C8E}.Release|win32.ActiveCfg = Any|x64
		{4EE8CF3A-7339-4469-A8B9-E62584192C8E}.Release|win32.Build.0 = Any|x64
		{4EE8CF3A-7339-4469-A8B9-E62584192C8E}.Release|win64.ActiveCfg = Any|x64
		{4EE8CF3A-7339-4469-A8B9-E62584192C8E}.Release|win64.Build.0 = Any|x64
		{4EE8CF3A-7339-4469-A8B9-E62584192C8E}.Release|x64.ActiveCfg = Any|x64
		{4EE8CF3A-7339-4469-A8B9-E62584192C8E}.Release|x64.Build.0 = Any|x64
		{7BC493F8-4902-4660-85D3-5181AB0E4EE3}.dbg|_default.ActiveCfg = Debug|x64
		{7BC493F8-4902-4660-85D3-5181AB0E4EE3}.dbg|_default.Build.0 = Debug|x64
		{7BC493F8-4902-4660-85D3-5181AB0E4EE3}.dbg|Android.ActiveCfg = Debug|x64
		{7BC493F8-4902-4660-85D3-5181AB0E4EE3}.dbg|Android.Build.0 = Debug|x64
		{7BC493F8-4902-4660-85D3-5181AB0E4EE3}.dbg|linux64.ActiveCfg = Debug|x64
		{7BC493F8-4902-4660-85D3-5181AB0E4EE3}.dbg|linux64.Build.0 = Debug|x64
		{7BC493F8-4902-4660-85D3-5181AB0E4EE3}.dbg|win32.ActiveCfg = Debug|Win32
		{7BC493F8-4902-4660-85D3-5181AB0E4EE3}.dbg|win32.Build.0 = Debug|Win32
		{7BC493F8-4902-4660-85D3-5181AB0E4EE3}.dbg|win64.ActiveCfg = Debug|x64
		{7BC493F8-4902-4660-85D3-5181AB0E4EE3}.dbg|win64.Build.0 = Debug|x64
		{7BC493F8-4902-4660-85D3-5181AB0E4EE3}.dbg|x64.ActiveCfg = Debug|x64
		{7BC493F8-4902-4660-85D3-5181AB0E4EE3}.dbg|x64.Build.0 = Debug|x64
		{7BC493F8-4902-4660-85D3-5181AB0E4EE3}.Debug|_default.ActiveCfg = Debug|x64
		{7BC493F8-4902-4660-85D3-5181AB0E4EE3}.Debug|_default.Build.0 = Debug|x64
		{7BC493F8-4902-4660-85D3-5181AB0E4EE3}.Debug|Android.ActiveCfg = Debug|x64
		{7BC493F8-4902-4660-85D3-5181AB0E4EE3}.Debug|Android.Build.0 = Debug|x64
		{7BC493F8-4902-4660-85D3-5181AB0E4EE3}.Debug|linux64.ActiveCfg = Debug|x64
		{7BC493F8-4902-4660-85D3-5181AB0E4EE3}.Debug|linux64.Build.0 = Debug|x64
		{7BC493F8-4902-4660-85D3-5181AB0E4EE3}.Debug|win32.ActiveCfg = Debug|Win32
		{7BC493F8-4902-4660-85D3-5181AB0E4EE3}.Debug|win32.Build.0 = Debug|Win32
		{7BC493F8-4902-4660-85D3-5181AB0E4EE3}.Debug|win64.ActiveCfg = Debug|x64
		{7BC493F8-4902-4660-85D3-5181AB0E4EE3}.Debug|win64.Build.0 = Debug|x64
		{7BC493F8-4902-4660-85D3-5181AB0E4EE3}.Debug|x64.ActiveCfg = Debug|x64
		{7BC493F8-4902-4660-85D3-5181AB0E4EE3}.Debug|x64.Build.0 = Debug|x64
		{7BC493F8-4902-4660-85D3-5181AB0E4EE3}.dev|_default.ActiveCfg = Debug|x64
		{7BC493F8-4902-4660-85D3-5181AB0E4EE3}.dev|_default.Build.0 = Debug|x64
		{7BC493F8-4902-4660-85D3-5181AB0E4EE3}.dev|Android.ActiveCfg = Debug|x64
		{7BC493F8-4902-4660-85D3-5181AB0E4EE3}.dev|Android.Build.0 = Debug|x64
		{7BC493F8-4902-4660-85D3-5181AB0E4EE3}.dev|linux64.ActiveCfg = Debug|x64
		{7BC493F8-4902-4660-85D3-5181AB0E4EE3}.dev|linux64.Build.0 = Debug|x64
		{7BC493F8-4902-4660-85D3-5181AB0E4EE3}.dev|win32.ActiveCfg = Debug|Win32
		{7BC493F8-4902-4660-85D3-5181AB0E4EE3}.dev|win32.Build.0 = Debug|Win32
		{7BC493F8-4902-4660-85D3-5181AB0E4EE3}.dev|win64.ActiveCfg = Debug|x64
		{7BC493F8-4902-4660-85D3-5181AB0E4EE3}.dev|win64.Build.0 = Debug|x64
		{7BC493F8-4902-4660-85D3-5181AB0E4EE3}.dev|x64.ActiveCfg = Debug|x64
		{7BC493F8-4902-4660-85D3-5181AB0E4EE3}.dev|x64.Build.0 = Debug|x64
		{7BC493F8-4902-4660-85D3-5181AB0E4EE3}.rel|_default.ActiveCfg = Release|x64
		{7BC493F8-4902-4660-85D3-5181AB0E4EE3}.rel|_default.Build.0 = Release|x64
		{7BC493F8-4902-4660-85D3-5181AB0E4EE3}.rel|Android.ActiveCfg = Release|x64
		{7BC493F8-4902-4660-85D3-5181AB0E4EE3}.rel|Android.Build.0 = Release|x64
		{7BC493F8-4902-4660-85D3-5181AB0E4EE3}.rel|linux64.ActiveCfg = Release|x64
		{7BC493F8-4902-4660-85D3-5181AB0E4EE3}.rel|linux64.Build.0 = Release|x64
		{7BC493F8-4902-4660-85D3-5181AB0E4EE3}.rel|win32.ActiveCfg = Release|Win32
		{7BC493F8-4902-4660-85D3-5181AB0E4EE3}.rel|win32.Build.0 = Release|Win32
		{7BC493F8-4902-4660-85D3-5181AB0E4EE3}.rel|win64.ActiveCfg = Release|x64
		{7BC493F8-4902-4660-85D3-5181AB0E4EE3}.rel|win64.Build.0 = Release|x64
		{7BC493F8-4902-4660-85D3-5181AB0E4EE3}.rel|x64.ActiveCfg = Release|x64
		{7BC493F8-4902-4660-85D3-5181AB0E4EE3}.rel|x64.Build.0 = Release|x64
		{7BC493F8-4902-4660-85D3-5181AB0E4EE3}.Release|_default.ActiveCfg = Release|x64
		{7BC493F8-4902-4660-85D3-5181AB0E4EE3}.Release|_default.Build.0 = Release|x64
		{7BC493F8-4902-4660-85D3-5181AB0E4EE3}.Release|Android.ActiveCfg = Release|x64
		{7BC493F8-4902-4660-85D3-5181AB0E4EE3}.Release|Android.Build.0 = Release|x64
		{7BC493F8-4902-4660-85D3-5181AB0E4EE3}.Release|linux64.ActiveCfg = Release|x64
		{7BC493F8-4902-4660-85D3-5181AB0E4EE3}.Release|linux64.Build.0 = Release|x64
		{7BC493F8-4902-4660-85D3-5181AB0E4EE3}.Release|win32.ActiveCfg = Release|Win32
		{7BC493F8-4902-4660-85D3-5181AB0E4EE3}.Release|win32.Build.0 = Release|Win32
		{7BC493F8-4902-4660-85D3-5181AB0E4EE3}.Release|win64.ActiveCfg = Release|x64
		{7BC493F8-4902-4660-85D3-5181AB0E4EE3}.Release|win64.Build.0 = Release|x64
		{7BC493F8-4902-4660-85D3-5181AB0E4EE3}.Release|x64.ActiveCfg = Release|x64
		{7BC493F8-4902-4660-85D3-5181AB0E4EE3}.Release|x64.Build.0 = Release|x64
	EndGlobalSection
	GlobalSection(SolutionProperties) = preSolution
		HideSolutionNode = FALSE
	EndGlobalSection
	GlobalSection(NestedProjects) = preSolution
		{9A8E7914-B5F0-4E32-9F9C-E7D1B9F5040F} = {3515D005-B190-45AD-91FF-742F5CE1EC82}
		{85EAEB4C-3C9B-4058-B97F-3A92B4A2EF75} = {3515D005-B190-45AD-91FF-742F5CE1EC82}
		{89D18E89-8553-4D5B-842E-EE8D4F78043F} = {FEF3A269-1AD5-4BC8-BF57-94213689F668}
		{4EE8CF3A-7339-4469-A8B9-E62584192C8E} = {05423D57-B211-4110-8BED-FFD0CF21C94A}
	EndGlobalSection
	GlobalSection(ExtensibilityGlobals) = postSolution
		SolutionGuid = {2582E9D2-2C2C-4D13-A629-9CCAC4373CB9}
	EndGlobalSection
EndGlobal
